# This file is automatically @generated by Cargo.
# It is not intended for manual editing.
version = 4

[[package]]
name = "p1_l1_simple_neuron"
version = "0.1.0"

[[package]]
name = "p1_l2_multiple_inputs_neuron"
version = "0.1.0"

[[package]]
name = "p1_l3_activation_function"
version = "0.1.0"

[[package]]
name = "p1_l4_prediction"
version = "0.1.0"
